// !$*UTF8*$!
{
	archiveVersion = 1;
	classes = {
	};
	objectVersion = 50;
	objects = {

/* Begin PBXBuildFile section */
		F5BE816425B4BD3A005B5F48 /* AppDelegate.swift in Sources */ = {isa = PBXBuildFile; fileRef = F5BE816325B4BD3A005B5F48 /* AppDelegate.swift */; };
		F5BE816625B4BD3A005B5F48 /* SceneDelegate.swift in Sources */ = {isa = PBXBuildFile; fileRef = F5BE816525B4BD3A005B5F48 /* SceneDelegate.swift */; };
		F5BE816825B4BD3A005B5F48 /* ViewController.swift in Sources */ = {isa = PBXBuildFile; fileRef = F5BE816725B4BD3A005B5F48 /* ViewController.swift */; };
		F5BE816B25B4BD3A005B5F48 /* Main.storyboard in Resources */ = {isa = PBXBuildFile; fileRef = F5BE816925B4BD3A005B5F48 /* Main.storyboard */; };
		F5BE816E25B4BD3A005B5F48 /* HotdogOrNotHotdog.xcdatamodeld in Sources */ = {isa = PBXBuildFile; fileRef = F5BE816C25B4BD3A005B5F48 /* HotdogOrNotHotdog.xcdatamodeld */; };
		F5BE817025B4BD3B005B5F48 /* Assets.xcassets in Resources */ = {isa = PBXBuildFile; fileRef = F5BE816F25B4BD3B005B5F48 /* Assets.xcassets */; };
		F5BE817325B4BD3B005B5F48 /* LaunchScreen.storyboard in Resources */ = {isa = PBXBuildFile; fileRef = F5BE817125B4BD3B005B5F48 /* LaunchScreen.storyboard */; };
		F5BE817E25B4BD3B005B5F48 /* HotdogOrNotHotdogTests.swift in Sources */ = {isa = PBXBuildFile; fileRef = F5BE817D25B4BD3B005B5F48 /* HotdogOrNotHotdogTests.swift */; };
		F5BE818925B4BD3B005B5F48 /* HotdogOrNotHotdogUITests.swift in Sources */ = {isa = PBXBuildFile; fileRef = F5BE818825B4BD3B005B5F48 /* HotdogOrNotHotdogUITests.swift */; };
		F5BE819A25B4C442005B5F48 /* MobileNetV2.mlmodel in Sources */ = {isa = PBXBuildFile; fileRef = F5BE819925B4C442005B5F48 /* MobileNetV2.mlmodel */; };
/* End PBXBuildFile section */

/* Begin PBXContainerItemProxy section */
		F5BE817A25B4BD3B005B5F48 /* PBXContainerItemProxy */ = {
			isa = PBXContainerItemProxy;
			containerPortal = F5BE815825B4BD3A005B5F48 /* Project object */;
			proxyType = 1;
			remoteGlobalIDString = F5BE815F25B4BD3A005B5F48;
			remoteInfo = HotdogOrNotHotdog;
		};
		F5BE818525B4BD3B005B5F48 /* PBXContainerItemProxy */ = {
			isa = PBXContainerItemProxy;
			containerPortal = F5BE815825B4BD3A005B5F48 /* Project object */;
			proxyType = 1;
			remoteGlobalIDString = F5BE815F25B4BD3A005B5F48;
			remoteInfo = HotdogOrNotHotdog;
		};
/* End PBXContainerItemProxy section */

/* Begin PBXFileReference section */
		F5BE816025B4BD3A005B5F48 /* HotdogOrNotHotdog.app */ = {isa = PBXFileReference; explicitFileType = wrapper.application; includeInIndex = 0; path = HotdogOrNotHotdog.app; sourceTree = BUILT_PRODUCTS_DIR; };
		F5BE816325B4BD3A005B5F48 /* AppDelegate.swift */ = {isa = PBXFileReference; lastKnownFileType = sourcecode.swift; path = AppDelegate.swift; sourceTree = "<group>"; };
		F5BE816525B4BD3A005B5F48 /* SceneDelegate.swift */ = {isa = PBXFileReference; lastKnownFileType = sourcecode.swift; path = SceneDelegate.swift; sourceTree = "<group>"; };
		F5BE816725B4BD3A005B5F48 /* ViewController.swift */ = {isa = PBXFileReference; lastKnownFileType = sourcecode.swift; path = ViewController.swift; sourceTree = "<group>"; };
		F5BE816A25B4BD3A005B5F48 /* Base */ = {isa = PBXFileReference; lastKnownFileType = file.storyboard; name = Base; path = Base.lproj/Main.storyboard; sourceTree = "<group>"; };
		F5BE816D25B4BD3A005B5F48 /* HotdogOrNotHotdog.xcdatamodel */ = {isa = PBXFileReference; lastKnownFileType = wrapper.xcdatamodel; path = HotdogOrNotHotdog.xcdatamodel; sourceTree = "<group>"; };
		F5BE816F25B4BD3B005B5F48 /* Assets.xcassets */ = {isa = PBXFileReference; lastKnownFileType = folder.assetcatalog; path = Assets.xcassets; sourceTree = "<group>"; };
		F5BE817225B4BD3B005B5F48 /* Base */ = {isa = PBXFileReference; lastKnownFileType = file.storyboard; name = Base; path = Base.lproj/LaunchScreen.storyboard; sourceTree = "<group>"; };
		F5BE817425B4BD3B005B5F48 /* Info.plist */ = {isa = PBXFileReference; lastKnownFileType = text.plist.xml; path = Info.plist; sourceTree = "<group>"; };
		F5BE817925B4BD3B005B5F48 /* HotdogOrNotHotdogTests.xctest */ = {isa = PBXFileReference; explicitFileType = wrapper.cfbundle; includeInIndex = 0; path = HotdogOrNotHotdogTests.xctest; sourceTree = BUILT_PRODUCTS_DIR; };
		F5BE817D25B4BD3B005B5F48 /* HotdogOrNotHotdogTests.swift */ = {isa = PBXFileReference; lastKnownFileType = sourcecode.swift; path = HotdogOrNotHotdogTests.swift; sourceTree = "<group>"; };
		F5BE817F25B4BD3B005B5F48 /* Info.plist */ = {isa = PBXFileReference; lastKnownFileType = text.plist.xml; path = Info.plist; sourceTree = "<group>"; };
		F5BE818425B4BD3B005B5F48 /* HotdogOrNotHotdogUITests.xctest */ = {isa = PBXFileReference; explicitFileType = wrapper.cfbundle; includeInIndex = 0; path = HotdogOrNotHotdogUITests.xctest; sourceTree = BUILT_PRODUCTS_DIR; };
		F5BE818825B4BD3B005B5F48 /* HotdogOrNotHotdogUITests.swift */ = {isa = PBXFileReference; lastKnownFileType = sourcecode.swift; path = HotdogOrNotHotdogUITests.swift; sourceTree = "<group>"; };
		F5BE818A25B4BD3B005B5F48 /* Info.plist */ = {isa = PBXFileReference; lastKnownFileType = text.plist.xml; path = Info.plist; sourceTree = "<group>"; };
		F5BE819925B4C442005B5F48 /* MobileNetV2.mlmodel */ = {isa = PBXFileReference; lastKnownFileType = file.mlmodel; path = MobileNetV2.mlmodel; sourceTree = "<group>"; };
/* End PBXFileReference section */

/* Begin PBXFrameworksBuildPhase section */
		F5BE815D25B4BD3A005B5F48 /* Frameworks */ = {
			isa = PBXFrameworksBuildPhase;
			buildActionMask = 2147483647;
			files = (
			);
			runOnlyForDeploymentPostprocessing = 0;
		};
		F5BE817625B4BD3B005B5F48 /* Frameworks */ = {
			isa = PBXFrameworksBuildPhase;
			buildActionMask = 2147483647;
			files = (
			);
			runOnlyForDeploymentPostprocessing = 0;
		};
		F5BE818125B4BD3B005B5F48 /* Frameworks */ = {
			isa = PBXFrameworksBuildPhase;
			buildActionMask = 2147483647;
			files = (
			);
			runOnlyForDeploymentPostprocessing = 0;
		};
/* End PBXFrameworksBuildPhase section */

/* Begin PBXGroup section */
		F5BE815725B4BD3A005B5F48 = {
			isa = PBXGroup;
			children = (
				F5BE816225B4BD3A005B5F48 /* HotdogOrNotHotdog */,
				F5BE817C25B4BD3B005B5F48 /* HotdogOrNotHotdogTests */,
				F5BE818725B4BD3B005B5F48 /* HotdogOrNotHotdogUITests */,
				F5BE816125B4BD3A005B5F48 /* Products */,
			);
			sourceTree = "<group>";
		};
		F5BE816125B4BD3A005B5F48 /* Products */ = {
			isa = PBXGroup;
			children = (
				F5BE816025B4BD3A005B5F48 /* HotdogOrNotHotdog.app */,
				F5BE817925B4BD3B005B5F48 /* HotdogOrNotHotdogTests.xctest */,
				F5BE818425B4BD3B005B5F48 /* HotdogOrNotHotdogUITests.xctest */,
			);
			name = Products;
			sourceTree = "<group>";
		};
		F5BE816225B4BD3A005B5F48 /* HotdogOrNotHotdog */ = {
			isa = PBXGroup;
			children = (
				F5BE816325B4BD3A005B5F48 /* AppDelegate.swift */,
				F5BE816525B4BD3A005B5F48 /* SceneDelegate.swift */,
				F5BE816725B4BD3A005B5F48 /* ViewController.swift */,
				F5BE816925B4BD3A005B5F48 /* Main.storyboard */,
				F5BE816F25B4BD3B005B5F48 /* Assets.xcassets */,
				F5BE817125B4BD3B005B5F48 /* LaunchScreen.storyboard */,
				F5BE817425B4BD3B005B5F48 /* Info.plist */,
				F5BE819925B4C442005B5F48 /* MobileNetV2.mlmodel */,
				F5BE816C25B4BD3A005B5F48 /* HotdogOrNotHotdog.xcdatamodeld */,
			);
			path = HotdogOrNotHotdog;
			sourceTree = "<group>";
		};
		F5BE817C25B4BD3B005B5F48 /* HotdogOrNotHotdogTests */ = {
			isa = PBXGroup;
			children = (
				F5BE817D25B4BD3B005B5F48 /* HotdogOrNotHotdogTests.swift */,
				F5BE817F25B4BD3B005B5F48 /* Info.plist */,
			);
			path = HotdogOrNotHotdogTests;
			sourceTree = "<group>";
		};
		F5BE818725B4BD3B005B5F48 /* HotdogOrNotHotdogUITests */ = {
			isa = PBXGroup;
			children = (
				F5BE818825B4BD3B005B5F48 /* HotdogOrNotHotdogUITests.swift */,
				F5BE818A25B4BD3B005B5F48 /* Info.plist */,
			);
			path = HotdogOrNotHotdogUITests;
			sourceTree = "<group>";
		};
/* End PBXGroup section */

/* Begin PBXNativeTarget section */
		F5BE815F25B4BD3A005B5F48 /* HotdogOrNotHotdog */ = {
			isa = PBXNativeTarget;
			buildConfigurationList = F5BE818D25B4BD3B005B5F48 /* Build configuration list for PBXNativeTarget "HotdogOrNotHotdog" */;
			buildPhases = (
				F5BE815C25B4BD3A005B5F48 /* Sources */,
				F5BE815D25B4BD3A005B5F48 /* Frameworks */,
				F5BE815E25B4BD3A005B5F48 /* Resources */,
			);
			buildRules = (
			);
			dependencies = (
			);
			name = HotdogOrNotHotdog;
			productName = HotdogOrNotHotdog;
			productReference = F5BE816025B4BD3A005B5F48 /* HotdogOrNotHotdog.app */;
			productType = "com.apple.product-type.application";
		};
		F5BE817825B4BD3B005B5F48 /* HotdogOrNotHotdogTests */ = {
			isa = PBXNativeTarget;
			buildConfigurationList = F5BE819025B4BD3B005B5F48 /* Build configuration list for PBXNativeTarget "HotdogOrNotHotdogTests" */;
			buildPhases = (
				F5BE817525B4BD3B005B5F48 /* Sources */,
				F5BE817625B4BD3B005B5F48 /* Frameworks */,
				F5BE817725B4BD3B005B5F48 /* Resources */,
			);
			buildRules = (
			);
			dependencies = (
				F5BE817B25B4BD3B005B5F48 /* PBXTargetDependency */,
			);
			name = HotdogOrNotHotdogTests;
			productName = HotdogOrNotHotdogTests;
			productReference = F5BE817925B4BD3B005B5F48 /* HotdogOrNotHotdogTests.xctest */;
			productType = "com.apple.product-type.bundle.unit-test";
		};
		F5BE818325B4BD3B005B5F48 /* HotdogOrNotHotdogUITests */ = {
			isa = PBXNativeTarget;
			buildConfigurationList = F5BE819325B4BD3B005B5F48 /* Build configuration list for PBXNativeTarget "HotdogOrNotHotdogUITests" */;
			buildPhases = (
				F5BE818025B4BD3B005B5F48 /* Sources */,
				F5BE818125B4BD3B005B5F48 /* Frameworks */,
				F5BE818225B4BD3B005B5F48 /* Resources */,
			);
			buildRules = (
			);
			dependencies = (
				F5BE818625B4BD3B005B5F48 /* PBXTargetDependency */,
			);
			name = HotdogOrNotHotdogUITests;
			productName = HotdogOrNotHotdogUITests;
			productReference = F5BE818425B4BD3B005B5F48 /* HotdogOrNotHotdogUITests.xctest */;
			productType = "com.apple.product-type.bundle.ui-testing";
		};
/* End PBXNativeTarget section */

/* Begin PBXProject section */
		F5BE815825B4BD3A005B5F48 /* Project object */ = {
			isa = PBXProject;
			attributes = {
				LastSwiftUpdateCheck = 1230;
				LastUpgradeCheck = 1230;
				TargetAttributes = {
					F5BE815F25B4BD3A005B5F48 = {
						CreatedOnToolsVersion = 12.3;
					};
					F5BE817825B4BD3B005B5F48 = {
						CreatedOnToolsVersion = 12.3;
						TestTargetID = F5BE815F25B4BD3A005B5F48;
					};
					F5BE818325B4BD3B005B5F48 = {
						CreatedOnToolsVersion = 12.3;
						TestTargetID = F5BE815F25B4BD3A005B5F48;
					};
				};
			};
			buildConfigurationList = F5BE815B25B4BD3A005B5F48 /* Build configuration list for PBXProject "HotdogOrNotHotdog" */;
			compatibilityVersion = "Xcode 9.3";
			developmentRegion = en;
			hasScannedForEncodings = 0;
			knownRegions = (
				en,
				Base,
			);
			mainGroup = F5BE815725B4BD3A005B5F48;
			productRefGroup = F5BE816125B4BD3A005B5F48 /* Products */;
			projectDirPath = "";
			projectRoot = "";
			targets = (
				F5BE815F25B4BD3A005B5F48 /* HotdogOrNotHotdog */,
				F5BE817825B4BD3B005B5F48 /* HotdogOrNotHotdogTests */,
				F5BE818325B4BD3B005B5F48 /* HotdogOrNotHotdogUITests */,
			);
		};
/* End PBXProject section */

/* Begin PBXResourcesBuildPhase section */
		F5BE815E25B4BD3A005B5F48 /* Resources */ = {
			isa = PBXResourcesBuildPhase;
			buildActionMask = 2147483647;
			files = (
				F5BE817325B4BD3B005B5F48 /* LaunchScreen.storyboard in Resources */,
				F5BE817025B4BD3B005B5F48 /* Assets.xcassets in Resources */,
				F5BE816B25B4BD3A005B5F48 /* Main.storyboard in Resources */,
			);
			runOnlyForDeploymentPostprocessing = 0;
		};
		F5BE817725B4BD3B005B5F48 /* Resources */ = {
			isa = PBXResourcesBuildPhase;
			buildActionMask = 2147483647;
			files = (
			);
			runOnlyForDeploymentPostprocessing = 0;
		};
		F5BE818225B4BD3B005B5F48 /* Resources */ = {
			isa = PBXResourcesBuildPhase;
			buildActionMask = 2147483647;
			files = (
			);
			runOnlyForDeploymentPostprocessing = 0;
		};
/* End PBXResourcesBuildPhase section */

/* Begin PBXSourcesBuildPhase section */
		F5BE815C25B4BD3A005B5F48 /* Sources */ = {
			isa = PBXSourcesBuildPhase;
			buildActionMask = 2147483647;
			files = (
				F5BE816825B4BD3A005B5F48 /* ViewController.swift in Sources */,
				F5BE816425B4BD3A005B5F48 /* AppDelegate.swift in Sources */,
				F5BE816E25B4BD3A005B5F48 /* HotdogOrNotHotdog.xcdatamodeld in Sources */,
				F5BE819A25B4C442005B5F48 /* MobileNetV2.mlmodel in Sources */,
				F5BE816625B4BD3A005B5F48 /* SceneDelegate.swift in Sources */,
			);
			runOnlyForDeploymentPostprocessing = 0;
		};
		F5BE817525B4BD3B005B5F48 /* Sources */ = {
			isa = PBXSourcesBuildPhase;
			buildActionMask = 2147483647;
			files = (
				F5BE817E25B4BD3B005B5F48 /* HotdogOrNotHotdogTests.swift in Sources */,
			);
			runOnlyForDeploymentPostprocessing = 0;
		};
		F5BE818025B4BD3B005B5F48 /* Sources */ = {
			isa = PBXSourcesBuildPhase;
			buildActionMask = 2147483647;
			files = (
				F5BE818925B4BD3B005B5F48 /* HotdogOrNotHotdogUITests.swift in Sources */,
			);
			runOnlyForDeploymentPostprocessing = 0;
		};
/* End PBXSourcesBuildPhase section */

/* Begin PBXTargetDependency section */
		F5BE817B25B4BD3B005B5F48 /* PBXTargetDependency */ = {
			isa = PBXTargetDependency;
			target = F5BE815F25B4BD3A005B5F48 /* HotdogOrNotHotdog */;
			targetProxy = F5BE817A25B4BD3B005B5F48 /* PBXContainerItemProxy */;
		};
		F5BE818625B4BD3B005B5F48 /* PBXTargetDependency */ = {
			isa = PBXTargetDependency;
			target = F5BE815F25B4BD3A005B5F48 /* HotdogOrNotHotdog */;
			targetProxy = F5BE818525B4BD3B005B5F48 /* PBXContainerItemProxy */;
		};
/* End PBXTargetDependency section */

/* Begin PBXVariantGroup section */
		F5BE816925B4BD3A005B5F48 /* Main.storyboard */ = {
			isa = PBXVariantGroup;
			children = (
				F5BE816A25B4BD3A005B5F48 /* Base */,
			);
			name = Main.storyboard;
			sourceTree = "<group>";
		};
		F5BE817125B4BD3B005B5F48 /* LaunchScreen.storyboard */ = {
			isa = PBXVariantGroup;
			children = (
				F5BE817225B4BD3B005B5F48 /* Base */,
			);
			name = LaunchScreen.storyboard;
			sourceTree = "<group>";
		};
/* End PBXVariantGroup section */

/* Begin XCBuildConfiguration section */
		F5BE818B25B4BD3B005B5F48 /* Debug */ = {
			isa = XCBuildConfiguration;
			buildSettings = {
				ALWAYS_SEARCH_USER_PATHS = NO;
				CLANG_ANALYZER_NONNULL = YES;
				CLANG_ANALYZER_NUMBER_OBJECT_CONVERSION = YES_AGGRESSIVE;
				CLANG_CXX_LANGUAGE_STANDARD = "gnu++14";
				CLANG_CXX_LIBRARY = "libc++";
				CLANG_ENABLE_MODULES = YES;
				CLANG_ENABLE_OBJC_ARC = YES;
				CLANG_ENABLE_OBJC_WEAK = YES;
				CLANG_WARN_BLOCK_CAPTURE_AUTORELEASING = YES;
				CLANG_WARN_BOOL_CONVERSION = YES;
				CLANG_WARN_COMMA = YES;
				CLANG_WARN_CONSTANT_CONVERSION = YES;
				CLANG_WARN_DEPRECATED_OBJC_IMPLEMENTATIONS = YES;
				CLANG_WARN_DIRECT_OBJC_ISA_USAGE = YES_ERROR;
				CLANG_WARN_DOCUMENTATION_COMMENTS = YES;
				CLANG_WARN_EMPTY_BODY = YES;
				CLANG_WARN_ENUM_CONVERSION = YES;
				CLANG_WARN_INFINITE_RECURSION = YES;
				CLANG_WARN_INT_CONVERSION = YES;
				CLANG_WARN_NON_LITERAL_NULL_CONVERSION = YES;
				CLANG_WARN_OBJC_IMPLICIT_RETAIN_SELF = YES;
				CLANG_WARN_OBJC_LITERAL_CONVERSION = YES;
				CLANG_WARN_OBJC_ROOT_CLASS = YES_ERROR;
				CLANG_WARN_QUOTED_INCLUDE_IN_FRAMEWORK_HEADER = YES;
				CLANG_WARN_RANGE_LOOP_ANALYSIS = YES;
				CLANG_WARN_STRICT_PROTOTYPES = YES;
				CLANG_WARN_SUSPICIOUS_MOVE = YES;
				CLANG_WARN_UNGUARDED_AVAILABILITY = YES_AGGRESSIVE;
				CLANG_WARN_UNREACHABLE_CODE = YES;
				CLANG_WARN__DUPLICATE_METHOD_MATCH = YES;
				COPY_PHASE_STRIP = NO;
				DEBUG_INFORMATION_FORMAT = dwarf;
				ENABLE_STRICT_OBJC_MSGSEND = YES;
				ENABLE_TESTABILITY = YES;
				GCC_C_LANGUAGE_STANDARD = gnu11;
				GCC_DYNAMIC_NO_PIC = NO;
				GCC_NO_COMMON_BLOCKS = YES;
				GCC_OPTIMIZATION_LEVEL = 0;
				GCC_PREPROCESSOR_DEFINITIONS = (
					"DEBUG=1",
					"$(inherited)",
				);
				GCC_WARN_64_TO_32_BIT_CONVERSION = YES;
				GCC_WARN_ABOUT_RETURN_TYPE = YES_ERROR;
				GCC_WARN_UNDECLARED_SELECTOR = YES;
				GCC_WARN_UNINITIALIZED_AUTOS = YES_AGGRESSIVE;
				GCC_WARN_UNUSED_FUNCTION = YES;
				GCC_WARN_UNUSED_VARIABLE = YES;
				IPHONEOS_DEPLOYMENT_TARGET = 14.3;
				MTL_ENABLE_DEBUG_INFO = INCLUDE_SOURCE;
				MTL_FAST_MATH = YES;
				ONLY_ACTIVE_ARCH = YES;
				SDKROOT = iphoneos;
				SWIFT_ACTIVE_COMPILATION_CONDITIONS = DEBUG;
				SWIFT_OPTIMIZATION_LEVEL = "-Onone";
			};
			name = Debug;
		};
		F5BE818C25B4BD3B005B5F48 /* Release */ = {
			isa = XCBuildConfiguration;
			buildSettings = {
				ALWAYS_SEARCH_USER_PATHS = NO;
				CLANG_ANALYZER_NONNULL = YES;
				CLANG_ANALYZER_NUMBER_OBJECT_CONVERSION = YES_AGGRESSIVE;
				CLANG_CXX_LANGUAGE_STANDARD = "gnu++14";
				CLANG_CXX_LIBRARY = "libc++";
				CLANG_ENABLE_MODULES = YES;
				CLANG_ENABLE_OBJC_ARC = YES;
				CLANG_ENABLE_OBJC_WEAK = YES;
				CLANG_WARN_BLOCK_CAPTURE_AUTORELEASING = YES;
				CLANG_WARN_BOOL_CONVERSION = YES;
				CLANG_WARN_COMMA = YES;
				CLANG_WARN_CONSTANT_CONVERSION = YES;
				CLANG_WARN_DEPRECATED_OBJC_IMPLEMENTATIONS = YES;
				CLANG_WARN_DIRECT_OBJC_ISA_USAGE = YES_ERROR;
				CLANG_WARN_DOCUMENTATION_COMMENTS = YES;
				CLANG_WARN_EMPTY_BODY = YES;
				CLANG_WARN_ENUM_CONVERSION = YES;
				CLANG_WARN_INFINITE_RECURSION = YES;
				CLANG_WARN_INT_CONVERSION = YES;
				CLANG_WARN_NON_LITERAL_NULL_CONVERSION = YES;
				CLANG_WARN_OBJC_IMPLICIT_RETAIN_SELF = YES;
				CLANG_WARN_OBJC_LITERAL_CONVERSION = YES;
				CLANG_WARN_OBJC_ROOT_CLASS = YES_ERROR;
				CLANG_WARN_QUOTED_INCLUDE_IN_FRAMEWORK_HEADER = YES;
				CLANG_WARN_RANGE_LOOP_ANALYSIS = YES;
				CLANG_WARN_STRICT_PROTOTYPES = YES;
				CLANG_WARN_SUSPICIOUS_MOVE = YES;
				CLANG_WARN_UNGUARDED_AVAILABILITY = YES_AGGRESSIVE;
				CLANG_WARN_UNREACHABLE_CODE = YES;
				CLANG_WARN__DUPLICATE_METHOD_MATCH = YES;
				COPY_PHASE_STRIP = NO;
				DEBUG_INFORMATION_FORMAT = "dwarf-with-dsym";
				ENABLE_NS_ASSERTIONS = NO;
				ENABLE_STRICT_OBJC_MSGSEND = YES;
				GCC_C_LANGUAGE_STANDARD = gnu11;
				GCC_NO_COMMON_BLOCKS = YES;
				GCC_WARN_64_TO_32_BIT_CONVERSION = YES;
				GCC_WARN_ABOUT_RETURN_TYPE = YES_ERROR;
				GCC_WARN_UNDECLARED_SELECTOR = YES;
				GCC_WARN_UNINITIALIZED_AUTOS = YES_AGGRESSIVE;
				GCC_WARN_UNUSED_FUNCTION = YES;
				GCC_WARN_UNUSED_VARIABLE = YES;
				IPHONEOS_DEPLOYMENT_TARGET = 14.3;
				MTL_ENABLE_DEBUG_INFO = NO;
				MTL_FAST_MATH = YES;
				SDKROOT = iphoneos;
				SWIFT_COMPILATION_MODE = wholemodule;
				SWIFT_OPTIMIZATION_LEVEL = "-O";
				VALIDATE_PRODUCT = YES;
			};
			name = Release;
		};
		F5BE818E25B4BD3B005B5F48 /* Debug */ = {
			isa = XCBuildConfiguration;
			buildSettings = {
				ASSETCATALOG_COMPILER_APPICON_NAME = AppIcon;
				ASSETCATALOG_COMPILER_GLOBAL_ACCENT_COLOR_NAME = AccentColor;
				CODE_SIGN_STYLE = Automatic;
				DEVELOPMENT_TEAM = WX4E294MK6;
				INFOPLIST_FILE = HotdogOrNotHotdog/Info.plist;
				LD_RUNPATH_SEARCH_PATHS = (
					"$(inherited)",
					"@executable_path/Frameworks",
				);
				PRODUCT_BUNDLE_IDENTIFIER = kz.sabyrzhan.HotdogOrNotHotdog.HotdogOrNotHotdog;
				PRODUCT_NAME = "$(TARGET_NAME)";
				SWIFT_VERSION = 5.0;
				TARGETED_DEVICE_FAMILY = "1,2";
			};
			name = Debug;
		};
		F5BE818F25B4BD3B005B5F48 /* Release */ = {
			isa = XCBuildConfiguration;
			buildSettings = {
				ASSETCATALOG_COMPILER_APPICON_NAME = AppIcon;
				ASSETCATALOG_COMPILER_GLOBAL_ACCENT_COLOR_NAME = AccentColor;
				CODE_SIGN_STYLE = Automatic;
				DEVELOPMENT_TEAM = WX4E294MK6;
				INFOPLIST_FILE = HotdogOrNotHotdog/Info.plist;
				LD_RUNPATH_SEARCH_PATHS = (
					"$(inherited)",
					"@executable_path/Frameworks",
				);
				PRODUCT_BUNDLE_IDENTIFIER = kz.sabyrzhan.HotdogOrNotHotdog.HotdogOrNotHotdog;
				PRODUCT_NAME = "$(TARGET_NAME)";
				SWIFT_VERSION = 5.0;
				TARGETED_DEVICE_FAMILY = "1,2";
			};
			name = Release;
		};
		F5BE819125B4BD3B005B5F48 /* Debug */ = {
			isa = XCBuildConfiguration;
			buildSettings = {
				ALWAYS_EMBED_SWIFT_STANDARD_LIBRARIES = YES;
				BUNDLE_LOADER = "$(TEST_HOST)";
				CODE_SIGN_STYLE = Automatic;
				DEVELOPMENT_TEAM = WX4E294MK6;
				INFOPLIST_FILE = HotdogOrNotHotdogTests/Info.plist;
				IPHONEOS_DEPLOYMENT_TARGET = 14.3;
				LD_RUNPATH_SEARCH_PATHS = (
					"$(inherited)",
					"@executable_path/Frameworks",
					"@loader_path/Frameworks",
				);
				PRODUCT_BUNDLE_IDENTIFIER = kz.sabyrzhan.HotdogOrNotHotdog.HotdogOrNotHotdogTests;
				PRODUCT_NAME = "$(TARGET_NAME)";
				SWIFT_VERSION = 5.0;
				TARGETED_DEVICE_FAMILY = "1,2";
				TEST_HOST = "$(BUILT_PRODUCTS_DIR)/HotdogOrNotHotdog.app/HotdogOrNotHotdog";
			};
			name = Debug;
		};
		F5BE819225B4BD3B005B5F48 /* Release */ = {
			isa = XCBuildConfiguration;
			buildSettings = {
				ALWAYS_EMBED_SWIFT_STANDARD_LIBRARIES = YES;
				BUNDLE_LOADER = "$(TEST_HOST)";
				CODE_SIGN_STYLE = Automatic;
				DEVELOPMENT_TEAM = WX4E294MK6;
				INFOPLIST_FILE = HotdogOrNotHotdogTests/Info.plist;
				IPHONEOS_DEPLOYMENT_TARGET = 14.3;
				LD_RUNPATH_SEARCH_PATHS = (
					"$(inherited)",
					"@executable_path/Frameworks",
					"@loader_path/Frameworks",
				);
				PRODUCT_BUNDLE_IDENTIFIER = kz.sabyrzhan.HotdogOrNotHotdog.HotdogOrNotHotdogTests;
				PRODUCT_NAME = "$(TARGET_NAME)";
				SWIFT_VERSION = 5.0;
				TARGETED_DEVICE_FAMILY = "1,2";
				TEST_HOST = "$(BUILT_PRODUCTS_DIR)/HotdogOrNotHotdog.app/HotdogOrNotHotdog";
			};
			name = Release;
		};
		F5BE819425B4BD3B005B5F48 /* Debug */ = {
			isa = XCBuildConfiguration;
			buildSettings = {
				ALWAYS_EMBED_SWIFT_STANDARD_LIBRARIES = YES;
				CODE_SIGN_STYLE = Automatic;
				DEVELOPMENT_TEAM = WX4E294MK6;
				INFOPLIST_FILE = HotdogOrNotHotdogUITests/Info.plist;
				LD_RUNPATH_SEARCH_PATHS = (
					"$(inherited)",
					"@executable_path/Frameworks",
					"@loader_path/Frameworks",
				);
				PRODUCT_BUNDLE_IDENTIFIER = kz.sabyrzhan.HotdogOrNotHotdog.HotdogOrNotHotdogUITests;
				PRODUCT_NAME = "$(TARGET_NAME)";
				SWIFT_VERSION = 5.0;
				TARGETED_DEVICE_FAMILY = "1,2";
				TEST_TARGET_NAME = HotdogOrNotHotdog;
			};
			name = Debug;
		};
		F5BE819525B4BD3B005B5F48 /* Release */ = {
			isa = XCBuildConfiguration;
			buildSettings = {
				ALWAYS_EMBED_SWIFT_STANDARD_LIBRARIES = YES;
				CODE_SIGN_STYLE = Automatic;
				DEVELOPMENT_TEAM = WX4E294MK6;
				INFOPLIST_FILE = HotdogOrNotHotdogUITests/Info.plist;
				LD_RUNPATH_SEARCH_PATHS = (
					"$(inherited)",
					"@executable_path/Frameworks",
					"@loader_path/Frameworks",
				);
				PRODUCT_BUNDLE_IDENTIFIER = kz.sabyrzhan.HotdogOrNotHotdog.HotdogOrNotHotdogUITests;
				PRODUCT_NAME = "$(TARGET_NAME)";
				SWIFT_VERSION = 5.0;
				TARGETED_DEVICE_FAMILY = "1,2";
				TEST_TARGET_NAME = HotdogOrNotHotdog;
			};
			name = Release;
		};
/* End XCBuildConfiguration section */

/* Begin XCConfigurationList section */
		F5BE815B25B4BD3A005B5F48 /* Build configuration list for PBXProject "HotdogOrNotHotdog" */ = {
			isa = XCConfigurationList;
			buildConfigurations = (
				F5BE818B25B4BD3B005B5F48 /* Debug */,
				F5BE818C25B4BD3B005B5F48 /* Release */,
			);
			defaultConfigurationIsVisible = 0;
			defaultConfigurationName = Release;
		};
		F5BE818D25B4BD3B005B5F48 /* Build configuration list for PBXNativeTarget "HotdogOrNotHotdog" */ = {
			isa = XCConfigurationList;
			buildConfigurations = (
				F5BE818E25B4BD3B005B5F48 /* Debug */,
				F5BE818F25B4BD3B005B5F48 /* Release */,
			);
			defaultConfigurationIsVisible = 0;
			defaultConfigurationName = Release;
		};
		F5BE819025B4BD3B005B5F48 /* Build configuration list for PBXNativeTarget "HotdogOrNotHotdogTests" */ = {
			isa = XCConfigurationList;
			buildConfigurations = (
				F5BE819125B4BD3B005B5F48 /* Debug */,
				F5BE819225B4BD3B005B5F48 /* Release */,
			);
			defaultConfigurationIsVisible = 0;
			defaultConfigurationName = Release;
		};
		F5BE819325B4BD3B005B5F48 /* Build configuration list for PBXNativeTarget "HotdogOrNotHotdogUITests" */ = {
			isa = XCConfigurationList;
			buildConfigurations = (
				F5BE819425B4BD3B005B5F48 /* Debug */,
				F5BE819525B4BD3B005B5F48 /* Release */,
			);
			defaultConfigurationIsVisible = 0;
			defaultConfigurationName = Release;
		};
/* End XCConfigurationList section */

/* Begin XCVersionGroup section */
		F5BE816C25B4BD3A005B5F48 /* HotdogOrNotHotdog.xcdatamodeld */ = {
			isa = XCVersionGroup;
			children = (
				F5BE816D25B4BD3A005B5F48 /* HotdogOrNotHotdog.xcdatamodel */,
			);
			currentVersion = F5BE816D25B4BD3A005B5F48 /* HotdogOrNotHotdog.xcdatamodel */;
			path = HotdogOrNotHotdog.xcdatamodeld;
			sourceTree = "<group>";
			versionGroupType = wrapper.xcdatamodel;
		};
/* End XCVersionGroup section */
	};
	rootObject = F5BE815825B4BD3A005B5F48 /* Project object */;
}
