// !$*UTF8*$!
{
	archiveVersion = 1;
	classes = {
	};
	objectVersion = 50;
	objects = {

/* Begin PBXBuildFile section */
		734905AF24AFF5BA00AE8A25 /* AppDelegate.swift in Sources */ = {isa = PBXBuildFile; fileRef = 734905AE24AFF5BA00AE8A25 /* AppDelegate.swift */; };
		734905B124AFF5BA00AE8A25 /* SceneDelegate.swift in Sources */ = {isa = PBXBuildFile; fileRef = 734905B024AFF5BA00AE8A25 /* SceneDelegate.swift */; };
		734905B324AFF5BA00AE8A25 /* ContentView.swift in Sources */ = {isa = PBXBuildFile; fileRef = 734905B224AFF5BA00AE8A25 /* ContentView.swift */; };
		734905B524AFF5BD00AE8A25 /* Assets.xcassets in Resources */ = {isa = PBXBuildFile; fileRef = 734905B424AFF5BD00AE8A25 /* Assets.xcassets */; };
		734905B824AFF5BD00AE8A25 /* Preview Assets.xcassets in Resources */ = {isa = PBXBuildFile; fileRef = 734905B724AFF5BD00AE8A25 /* Preview Assets.xcassets */; };
		734905BB24AFF5BD00AE8A25 /* LaunchScreen.storyboard in Resources */ = {isa = PBXBuildFile; fileRef = 734905B924AFF5BD00AE8A25 /* LaunchScreen.storyboard */; };
/* End PBXBuildFile section */

/* Begin PBXFileReference section */
		734905AB24AFF5BA00AE8A25 /* I am Rich SwiftUI.app */ = {isa = PBXFileReference; explicitFileType = wrapper.application; includeInIndex = 0; path = "I am Rich SwiftUI.app"; sourceTree = BUILT_PRODUCTS_DIR; };
		734905AE24AFF5BA00AE8A25 /* AppDelegate.swift */ = {isa = PBXFileReference; lastKnownFileType = sourcecode.swift; path = AppDelegate.swift; sourceTree = "<group>"; };
		734905B024AFF5BA00AE8A25 /* SceneDelegate.swift */ = {isa = PBXFileReference; lastKnownFileType = sourcecode.swift; path = SceneDelegate.swift; sourceTree = "<group>"; };
		734905B224AFF5BA00AE8A25 /* ContentView.swift */ = {isa = PBXFileReference; lastKnownFileType = sourcecode.swift; path = ContentView.swift; sourceTree = "<group>"; };
		734905B424AFF5BD00AE8A25 /* Assets.xcassets */ = {isa = PBXFileReference; lastKnownFileType = folder.assetcatalog; path = Assets.xcassets; sourceTree = "<group>"; };
		734905B724AFF5BD00AE8A25 /* Preview Assets.xcassets */ = {isa = PBXFileReference; lastKnownFileType = folder.assetcatalog; path = "Preview Assets.xcassets"; sourceTree = "<group>"; };
		734905BA24AFF5BD00AE8A25 /* Base */ = {isa = PBXFileReference; lastKnownFileType = file.storyboard; name = Base; path = Base.lproj/LaunchScreen.storyboard; sourceTree = "<group>"; };
		734905BC24AFF5BD00AE8A25 /* Info.plist */ = {isa = PBXFileReference; lastKnownFileType = text.plist.xml; path = Info.plist; sourceTree = "<group>"; };
/* End PBXFileReference section */

/* Begin PBXFrameworksBuildPhase section */
		734905A824AFF5BA00AE8A25 /* Frameworks */ = {
			isa = PBXFrameworksBuildPhase;
			buildActionMask = 2147483647;
			files = (
			);
			runOnlyForDeploymentPostprocessing = 0;
		};
/* End PBXFrameworksBuildPhase section */

/* Begin PBXGroup section */
		734905A224AFF5BA00AE8A25 = {
			isa = PBXGroup;
			children = (
				734905AD24AFF5BA00AE8A25 /* I am Rich SwiftUI */,
				734905AC24AFF5BA00AE8A25 /* Products */,
			);
			sourceTree = "<group>";
		};
		734905AC24AFF5BA00AE8A25 /* Products */ = {
			isa = PBXGroup;
			children = (
				734905AB24AFF5BA00AE8A25 /* I am Rich SwiftUI.app */,
			);
			name = Products;
			sourceTree = "<group>";
		};
		734905AD24AFF5BA00AE8A25 /* I am Rich SwiftUI */ = {
			isa = PBXGroup;
			children = (
				734905AE24AFF5BA00AE8A25 /* AppDelegate.swift */,
				734905B024AFF5BA00AE8A25 /* SceneDelegate.swift */,
				734905B224AFF5BA00AE8A25 /* ContentView.swift */,
				734905B424AFF5BD00AE8A25 /* Assets.xcassets */,
				734905B924AFF5BD00AE8A25 /* LaunchScreen.storyboard */,
				734905BC24AFF5BD00AE8A25 /* Info.plist */,
				734905B624AFF5BD00AE8A25 /* Preview Content */,
			);
			path = "I am Rich SwiftUI";
			sourceTree = "<group>";
		};
		734905B624AFF5BD00AE8A25 /* Preview Content */ = {
			isa = PBXGroup;
			children = (
				734905B724AFF5BD00AE8A25 /* Preview Assets.xcassets */,
			);
			path = "Preview Content";
			sourceTree = "<group>";
		};
/* End PBXGroup section */

/* Begin PBXNativeTarget section */
		734905AA24AFF5BA00AE8A25 /* I am Rich SwiftUI */ = {
			isa = PBXNativeTarget;
			buildConfigurationList = 734905BF24AFF5BD00AE8A25 /* Build configuration list for PBXNativeTarget "I am Rich SwiftUI" */;
			buildPhases = (
				734905A724AFF5BA00AE8A25 /* Sources */,
				734905A824AFF5BA00AE8A25 /* Frameworks */,
				734905A924AFF5BA00AE8A25 /* Resources */,
			);
			buildRules = (
			);
			dependencies = (
			);
			name = "I am Rich SwiftUI";
			productName = "I am Rich SwiftUI";
			productReference = 734905AB24AFF5BA00AE8A25 /* I am Rich SwiftUI.app */;
			productType = "com.apple.product-type.application";
		};
/* End PBXNativeTarget section */

/* Begin PBXProject section */
		734905A324AFF5BA00AE8A25 /* Project object */ = {
			isa = PBXProject;
			attributes = {
				LastSwiftUpdateCheck = 1150;
				LastUpgradeCheck = 1150;
				ORGANIZATIONNAME = Sabyrzhan;
				TargetAttributes = {
					734905AA24AFF5BA00AE8A25 = {
						CreatedOnToolsVersion = 11.5;
					};
				};
			};
			buildConfigurationList = 734905A624AFF5BA00AE8A25 /* Build configuration list for PBXProject "I am Rich SwiftUI" */;
			compatibilityVersion = "Xcode 9.3";
			developmentRegion = en;
			hasScannedForEncodings = 0;
			knownRegions = (
				en,
				Base,
			);
			mainGroup = 734905A224AFF5BA00AE8A25;
			productRefGroup = 734905AC24AFF5BA00AE8A25 /* Products */;
			projectDirPath = "";
			projectRoot = "";
			targets = (
				734905AA24AFF5BA00AE8A25 /* I am Rich SwiftUI */,
			);
		};
/* End PBXProject section */

/* Begin PBXResourcesBuildPhase section */
		734905A924AFF5BA00AE8A25 /* Resources */ = {
			isa = PBXResourcesBuildPhase;
			buildActionMask = 2147483647;
			files = (
				734905BB24AFF5BD00AE8A25 /* LaunchScreen.storyboard in Resources */,
				734905B824AFF5BD00AE8A25 /* Preview Assets.xcassets in Resources */,
				734905B524AFF5BD00AE8A25 /* Assets.xcassets in Resources */,
			);
			runOnlyForDeploymentPostprocessing = 0;
		};
/* End PBXResourcesBuildPhase section */

/* Begin PBXSourcesBuildPhase section */
		734905A724AFF5BA00AE8A25 /* Sources */ = {
			isa = PBXSourcesBuildPhase;
			buildActionMask = 2147483647;
			files = (
				734905AF24AFF5BA00AE8A25 /* AppDelegate.swift in Sources */,
				734905B124AFF5BA00AE8A25 /* SceneDelegate.swift in Sources */,
				734905B324AFF5BA00AE8A25 /* ContentView.swift in Sources */,
			);
			runOnlyForDeploymentPostprocessing = 0;
		};
/* End PBXSourcesBuildPhase section */

/* Begin PBXVariantGroup section */
		734905B924AFF5BD00AE8A25 /* LaunchScreen.storyboard */ = {
			isa = PBXVariantGroup;
			children = (
				734905BA24AFF5BD00AE8A25 /* Base */,
			);
			name = LaunchScreen.storyboard;
			sourceTree = "<group>";
		};
/* End PBXVariantGroup section */

/* Begin XCBuildConfiguration section */
		734905BD24AFF5BD00AE8A25 /* Debug */ = {
			isa = XCBuildConfiguration;
			buildSettings = {
				ALWAYS_SEARCH_USER_PATHS = NO;
				CLANG_ANALYZER_NONNULL = YES;
				CLANG_ANALYZER_NUMBER_OBJECT_CONVERSION = YES_AGGRESSIVE;
				CLANG_CXX_LANGUAGE_STANDARD = "gnu++14";
				CLANG_CXX_LIBRARY = "libc++";
				CLANG_ENABLE_MODULES = YES;
				CLANG_ENABLE_OBJC_ARC = YES;
				CLANG_ENABLE_OBJC_WEAK = YES;
				CLANG_WARN_BLOCK_CAPTURE_AUTORELEASING = YES;
				CLANG_WARN_BOOL_CONVERSION = YES;
				CLANG_WARN_COMMA = YES;
				CLANG_WARN_CONSTANT_CONVERSION = YES;
				CLANG_WARN_DEPRECATED_OBJC_IMPLEMENTATIONS = YES;
				CLANG_WARN_DIRECT_OBJC_ISA_USAGE = YES_ERROR;
				CLANG_WARN_DOCUMENTATION_COMMENTS = YES;
				CLANG_WARN_EMPTY_BODY = YES;
				CLANG_WARN_ENUM_CONVERSION = YES;
				CLANG_WARN_INFINITE_RECURSION = YES;
				CLANG_WARN_INT_CONVERSION = YES;
				CLANG_WARN_NON_LITERAL_NULL_CONVERSION = YES;
				CLANG_WARN_OBJC_IMPLICIT_RETAIN_SELF = YES;
				CLANG_WARN_OBJC_LITERAL_CONVERSION = YES;
				CLANG_WARN_OBJC_ROOT_CLASS = YES_ERROR;
				CLANG_WARN_RANGE_LOOP_ANALYSIS = YES;
				CLANG_WARN_STRICT_PROTOTYPES = YES;
				CLANG_WARN_SUSPICIOUS_MOVE = YES;
				CLANG_WARN_UNGUARDED_AVAILABILITY = YES_AGGRESSIVE;
				CLANG_WARN_UNREACHABLE_CODE = YES;
				CLANG_WARN__DUPLICATE_METHOD_MATCH = YES;
				COPY_PHASE_STRIP = NO;
				DEBUG_INFORMATION_FORMAT = dwarf;
				ENABLE_STRICT_OBJC_MSGSEND = YES;
				ENABLE_TESTABILITY = YES;
				GCC_C_LANGUAGE_STANDARD = gnu11;
				GCC_DYNAMIC_NO_PIC = NO;
				GCC_NO_COMMON_BLOCKS = YES;
				GCC_OPTIMIZATION_LEVEL = 0;
				GCC_PREPROCESSOR_DEFINITIONS = (
					"DEBUG=1",
					"$(inherited)",
				);
				GCC_WARN_64_TO_32_BIT_CONVERSION = YES;
				GCC_WARN_ABOUT_RETURN_TYPE = YES_ERROR;
				GCC_WARN_UNDECLARED_SELECTOR = YES;
				GCC_WARN_UNINITIALIZED_AUTOS = YES_AGGRESSIVE;
				GCC_WARN_UNUSED_FUNCTION = YES;
				GCC_WARN_UNUSED_VARIABLE = YES;
				IPHONEOS_DEPLOYMENT_TARGET = 13.5;
				MTL_ENABLE_DEBUG_INFO = INCLUDE_SOURCE;
				MTL_FAST_MATH = YES;
				ONLY_ACTIVE_ARCH = YES;
				SDKROOT = iphoneos;
				SWIFT_ACTIVE_COMPILATION_CONDITIONS = DEBUG;
				SWIFT_OPTIMIZATION_LEVEL = "-Onone";
			};
			name = Debug;
		};
		734905BE24AFF5BD00AE8A25 /* Release */ = {
			isa = XCBuildConfiguration;
			buildSettings = {
				ALWAYS_SEARCH_USER_PATHS = NO;
				CLANG_ANALYZER_NONNULL = YES;
				CLANG_ANALYZER_NUMBER_OBJECT_CONVERSION = YES_AGGRESSIVE;
				CLANG_CXX_LANGUAGE_STANDARD = "gnu++14";
				CLANG_CXX_LIBRARY = "libc++";
				CLANG_ENABLE_MODULES = YES;
				CLANG_ENABLE_OBJC_ARC = YES;
				CLANG_ENABLE_OBJC_WEAK = YES;
				CLANG_WARN_BLOCK_CAPTURE_AUTORELEASING = YES;
				CLANG_WARN_BOOL_CONVERSION = YES;
				CLANG_WARN_COMMA = YES;
				CLANG_WARN_CONSTANT_CONVERSION = YES;
				CLANG_WARN_DEPRECATED_OBJC_IMPLEMENTATIONS = YES;
				CLANG_WARN_DIRECT_OBJC_ISA_USAGE = YES_ERROR;
				CLANG_WARN_DOCUMENTATION_COMMENTS = YES;
				CLANG_WARN_EMPTY_BODY = YES;
				CLANG_WARN_ENUM_CONVERSION = YES;
				CLANG_WARN_INFINITE_RECURSION = YES;
				CLANG_WARN_INT_CONVERSION = YES;
				CLANG_WARN_NON_LITERAL_NULL_CONVERSION = YES;
				CLANG_WARN_OBJC_IMPLICIT_RETAIN_SELF = YES;
				CLANG_WARN_OBJC_LITERAL_CONVERSION = YES;
				CLANG_WARN_OBJC_ROOT_CLASS = YES_ERROR;
				CLANG_WARN_RANGE_LOOP_ANALYSIS = YES;
				CLANG_WARN_STRICT_PROTOTYPES = YES;
				CLANG_WARN_SUSPICIOUS_MOVE = YES;
				CLANG_WARN_UNGUARDED_AVAILABILITY = YES_AGGRESSIVE;
				CLANG_WARN_UNREACHABLE_CODE = YES;
				CLANG_WARN__DUPLICATE_METHOD_MATCH = YES;
				COPY_PHASE_STRIP = NO;
				DEBUG_INFORMATION_FORMAT = "dwarf-with-dsym";
				ENABLE_NS_ASSERTIONS = NO;
				ENABLE_STRICT_OBJC_MSGSEND = YES;
				GCC_C_LANGUAGE_STANDARD = gnu11;
				GCC_NO_COMMON_BLOCKS = YES;
				GCC_WARN_64_TO_32_BIT_CONVERSION = YES;
				GCC_WARN_ABOUT_RETURN_TYPE = YES_ERROR;
				GCC_WARN_UNDECLARED_SELECTOR = YES;
				GCC_WARN_UNINITIALIZED_AUTOS = YES_AGGRESSIVE;
				GCC_WARN_UNUSED_FUNCTION = YES;
				GCC_WARN_UNUSED_VARIABLE = YES;
				IPHONEOS_DEPLOYMENT_TARGET = 13.5;
				MTL_ENABLE_DEBUG_INFO = NO;
				MTL_FAST_MATH = YES;
				SDKROOT = iphoneos;
				SWIFT_COMPILATION_MODE = wholemodule;
				SWIFT_OPTIMIZATION_LEVEL = "-O";
				VALIDATE_PRODUCT = YES;
			};
			name = Release;
		};
		734905C024AFF5BD00AE8A25 /* Debug */ = {
			isa = XCBuildConfiguration;
			buildSettings = {
				ASSETCATALOG_COMPILER_APPICON_NAME = AppIcon;
				CODE_SIGN_STYLE = Automatic;
				DEVELOPMENT_ASSET_PATHS = "\"I am Rich SwiftUI/Preview Content\"";
				ENABLE_PREVIEWS = YES;
				INFOPLIST_FILE = "I am Rich SwiftUI/Info.plist";
				LD_RUNPATH_SEARCH_PATHS = (
					"$(inherited)",
					"@executable_path/Frameworks",
				);
				PRODUCT_BUNDLE_IDENTIFIER = "kz.sabyrzhan.I-am-Rich-SwiftUI";
				PRODUCT_NAME = "$(TARGET_NAME)";
				SWIFT_VERSION = 5.0;
				TARGETED_DEVICE_FAMILY = "1,2";
			};
			name = Debug;
		};
		734905C124AFF5BD00AE8A25 /* Release */ = {
			isa = XCBuildConfiguration;
			buildSettings = {
				ASSETCATALOG_COMPILER_APPICON_NAME = AppIcon;
				CODE_SIGN_STYLE = Automatic;
				DEVELOPMENT_ASSET_PATHS = "\"I am Rich SwiftUI/Preview Content\"";
				ENABLE_PREVIEWS = YES;
				INFOPLIST_FILE = "I am Rich SwiftUI/Info.plist";
				LD_RUNPATH_SEARCH_PATHS = (
					"$(inherited)",
					"@executable_path/Frameworks",
				);
				PRODUCT_BUNDLE_IDENTIFIER = "kz.sabyrzhan.I-am-Rich-SwiftUI";
				PRODUCT_NAME = "$(TARGET_NAME)";
				SWIFT_VERSION = 5.0;
				TARGETED_DEVICE_FAMILY = "1,2";
			};
			name = Release;
		};
/* End XCBuildConfiguration section */

/* Begin XCConfigurationList section */
		734905A624AFF5BA00AE8A25 /* Build configuration list for PBXProject "I am Rich SwiftUI" */ = {
			isa = XCConfigurationList;
			buildConfigurations = (
				734905BD24AFF5BD00AE8A25 /* Debug */,
				734905BE24AFF5BD00AE8A25 /* Release */,
			);
			defaultConfigurationIsVisible = 0;
			defaultConfigurationName = Release;
		};
		734905BF24AFF5BD00AE8A25 /* Build configuration list for PBXNativeTarget "I am Rich SwiftUI" */ = {
			isa = XCConfigurationList;
			buildConfigurations = (
				734905C024AFF5BD00AE8A25 /* Debug */,
				734905C124AFF5BD00AE8A25 /* Release */,
			);
			defaultConfigurationIsVisible = 0;
			defaultConfigurationName = Release;
		};
/* End XCConfigurationList section */
	};
	rootObject = 734905A324AFF5BA00AE8A25 /* Project object */;
}
